
Microsoft Visual Studio Solution File, Format Version 12.00
# Visual Studio Version 17
VisualStudioVersion = 17.5.002.0
MinimumVisualStudioVersion = 10.0.40219.1
Project("{9A19103F-16F7-4668-BE54-9A1E7A4F7556}") = "Catalog", "Catalog.csproj", "{2169D79D-B315-408F-B2A2-72CBCE5C3BA1}"
EndProject
Global
	GlobalSection(SolutionConfigurationPlatforms) = preSolution
		Debug|Any CPU = Debug|Any CPU
		Release|Any CPU = Release|Any CPU
	EndGlobalSection
	GlobalSection(ProjectConfigurationPlatforms) = postSolution
		{2169D79D-B315-408F-B2A2-72CBCE5C3BA1}.Debug|Any CPU.ActiveCfg = Debug|Any CPU
		{2169D79D-B315-408F-B2A2-72CBCE5C3BA1}.Debug|Any CPU.Build.0 = Debug|Any CPU
		{2169D79D-B315-408F-B2A2-72CBCE5C3BA1}.Release|Any CPU.ActiveCfg = Release|Any CPU
		{2169D79D-B315-408F-B2A2-72CBCE5C3BA1}.Release|Any CPU.Build.0 = Release|Any CPU
	EndGlobalSection
	GlobalSection(SolutionProperties) = preSolution
		HideSolutionNode = FALSE
	EndGlobalSection
	GlobalSection(ExtensibilityGlobals) = postSolution
		SolutionGuid = {F7FDC942-F96D-4879-BABC-C72667880870}
	EndGlobalSection
EndGlobal
